
Microsoft Visual Studio Solution File, Format Version 12.00
Project("{FAE04EC0-301F-11D3-BF4B-00C04F79EFBC}") = "Task2", "Task2\Task2.csproj", "{D3559D7F-3CA4-44F6-BF3D-0BCAEF1EAB5D}"
EndProject
Project("{FAE04EC0-301F-11D3-BF4B-00C04F79EFBC}") = "Task2.Test", "Task2.Test\Task2.Test.csproj", "{7E60F733-BF38-4C92-8B31-366E247F851B}"
EndProject
Project("{FAE04EC0-301F-11D3-BF4B-00C04F79EFBC}") = "Task1", "Task1\Task1.csproj", "{509A0316-8844-4F45-8098-87EAB1FEBF6F}"
EndProject
Project("{FAE04EC0-301F-11D3-BF4B-00C04F79EFBC}") = "Task1.Test", "Task1.Test\Task1.Test.csproj", "{D7D76675-B632-439D-A268-6F17D4A35911}"
EndProject
Global
	GlobalSection(SolutionConfigurationPlatforms) = preSolution
		Debug|Any CPU = Debug|Any CPU
		Release|Any CPU = Release|Any CPU
	EndGlobalSection
	GlobalSection(ProjectConfigurationPlatforms) = postSolution
		{D3559D7F-3CA4-44F6-BF3D-0BCAEF1EAB5D}.Debug|Any CPU.ActiveCfg = Debug|Any CPU
		{D3559D7F-3CA4-44F6-BF3D-0BCAEF1EAB5D}.Debug|Any CPU.Build.0 = Debug|Any CPU
		{D3559D7F-3CA4-44F6-BF3D-0BCAEF1EAB5D}.Release|Any CPU.ActiveCfg = Release|Any CPU
		{D3559D7F-3CA4-44F6-BF3D-0BCAEF1EAB5D}.Release|Any CPU.Build.0 = Release|Any CPU
		{7E60F733-BF38-4C92-8B31-366E247F851B}.Debug|Any CPU.ActiveCfg = Debug|Any CPU
		{7E60F733-BF38-4C92-8B31-366E247F851B}.Debug|Any CPU.Build.0 = Debug|Any CPU
		{7E60F733-BF38-4C92-8B31-366E247F851B}.Release|Any CPU.ActiveCfg = Release|Any CPU
		{7E60F733-BF38-4C92-8B31-366E247F851B}.Release|Any CPU.Build.0 = Release|Any CPU
		{509A0316-8844-4F45-8098-87EAB1FEBF6F}.Debug|Any CPU.ActiveCfg = Debug|Any CPU
		{509A0316-8844-4F45-8098-87EAB1FEBF6F}.Debug|Any CPU.Build.0 = Debug|Any CPU
		{509A0316-8844-4F45-8098-87EAB1FEBF6F}.Release|Any CPU.ActiveCfg = Release|Any CPU
		{509A0316-8844-4F45-8098-87EAB1FEBF6F}.Release|Any CPU.Build.0 = Release|Any CPU
		{D7D76675-B632-439D-A268-6F17D4A35911}.Debug|Any CPU.ActiveCfg = Debug|Any CPU
		{D7D76675-B632-439D-A268-6F17D4A35911}.Debug|Any CPU.Build.0 = Debug|Any CPU
		{D7D76675-B632-439D-A268-6F17D4A35911}.Release|Any CPU.ActiveCfg = Release|Any CPU
		{D7D76675-B632-439D-A268-6F17D4A35911}.Release|Any CPU.Build.0 = Release|Any CPU
	EndGlobalSection
EndGlobal
